
Microsoft Visual Studio Solution File, Format Version 12.00
# Visual Studio Version 16
VisualStudioVersion = 16.0.31112.23
MinimumVisualStudioVersion = 10.0.40219.1
Project("{FAE04EC0-301F-11D3-BF4B-00C04F79EFBC}") = "Araba", "Araba\Araba.csproj", "{42980059-BF90-4757-B329-A5A173874F8D}"
EndProject
Global
	GlobalSection(SolutionConfigurationPlatforms) = preSolution
		Debug|Any CPU = Debug|Any CPU
		Release|Any CPU = Release|Any CPU
	EndGlobalSection
	GlobalSection(ProjectConfigurationPlatforms) = postSolution
		{42980059-BF90-4757-B329-A5A173874F8D}.Debug|Any CPU.ActiveCfg = Debug|Any CPU
		{42980059-BF90-4757-B329-A5A173874F8D}.Debug|Any CPU.Build.0 = Debug|Any CPU
		{42980059-BF90-4757-B329-A5A173874F8D}.Release|Any CPU.ActiveCfg = Release|Any CPU
		{42980059-BF90-4757-B329-A5A173874F8D}.Release|Any CPU.Build.0 = Release|Any CPU
	EndGlobalSection
	GlobalSection(SolutionProperties) = preSolution
		HideSolutionNode = FALSE
	EndGlobalSection
	GlobalSection(ExtensibilityGlobals) = postSolution
		SolutionGuid = {EEB2AA12-894F-4121-B7AB-A98C0CC1ACCC}
	EndGlobalSection
EndGlobal
